// !$*UTF8*$!
{
	archiveVersion = 1;
	classes = {
	};
	objectVersion = 46;
	objects = {

/* Begin PBXBuildFile section */
		FA08542F17829A35000102A7 /* CoreText.framework in Frameworks */ = {isa = PBXBuildFile; fileRef = FA08542E17829A35000102A7 /* CoreText.framework */; };
		FA08543017829B4D000102A7 /* FUIAlertView.m in Sources */ = {isa = PBXBuildFile; fileRef = FA0853E417829087000102A7 /* FUIAlertView.m */; };
		FA08543117829B51000102A7 /* FUICellBackgroundView.m in Sources */ = {isa = PBXBuildFile; fileRef = FA0853E817829087000102A7 /* FUICellBackgroundView.m */; };
		FA08543217829B53000102A7 /* FUIButton.m in Sources */ = {isa = PBXBuildFile; fileRef = FA0853E617829087000102A7 /* FUIButton.m */; };
		FA08543317829B6A000102A7 /* FUIPopoverBackgroundView.m in Sources */ = {isa = PBXBuildFile; fileRef = FA0853EA17829087000102A7 /* FUIPopoverBackgroundView.m */; };
		FA08543417829B6A000102A7 /* FUISegmentedControl.m in Sources */ = {isa = PBXBuildFile; fileRef = FA0853EC17829087000102A7 /* FUISegmentedControl.m */; };
		FA08543517829B6A000102A7 /* FUISwitch.m in Sources */ = {isa = PBXBuildFile; fileRef = FA0853EE17829087000102A7 /* FUISwitch.m */; };
		FA08543617829B6A000102A7 /* UIBarButtonItem+FlatUI.m in Sources */ = {isa = PBXBuildFile; fileRef = FA0853F017829087000102A7 /* UIBarButtonItem+FlatUI.m */; };
		FA08543717829B6A000102A7 /* UIColor+FlatUI.m in Sources */ = {isa = PBXBuildFile; fileRef = FA0853F217829087000102A7 /* UIColor+FlatUI.m */; };
		FA08543817829B6A000102A7 /* UIFont+FlatUI.m in Sources */ = {isa = PBXBuildFile; fileRef = FA0853F417829087000102A7 /* UIFont+FlatUI.m */; };
		FA08543917829B6A000102A7 /* UIImage+FlatUI.m in Sources */ = {isa = PBXBuildFile; fileRef = FA0853F617829087000102A7 /* UIImage+FlatUI.m */; };
		FA08543A17829B6A000102A7 /* UINavigationBar+FlatUI.m in Sources */ = {isa = PBXBuildFile; fileRef = FA0853F817829087000102A7 /* UINavigationBar+FlatUI.m */; };
		FA08543B17829B6A000102A7 /* UIPopoverController+FlatUI.m in Sources */ = {isa = PBXBuildFile; fileRef = FA0853FA17829087000102A7 /* UIPopoverController+FlatUI.m */; };
		FA08543C17829B6A000102A7 /* UIProgressView+FlatUI.m in Sources */ = {isa = PBXBuildFile; fileRef = FA0853FC17829087000102A7 /* UIProgressView+FlatUI.m */; };
		FA08543D17829B6A000102A7 /* UISlider+FlatUI.m in Sources */ = {isa = PBXBuildFile; fileRef = FA0853FE17829087000102A7 /* UISlider+FlatUI.m */; };
		FA08543E17829B6A000102A7 /* UIStepper+FlatUI.m in Sources */ = {isa = PBXBuildFile; fileRef = FA08540017829087000102A7 /* UIStepper+FlatUI.m */; };
		FA08543F17829B6A000102A7 /* UITabBar+FlatUI.m in Sources */ = {isa = PBXBuildFile; fileRef = FA08540217829087000102A7 /* UITabBar+FlatUI.m */; };
		FA08544017829B6A000102A7 /* UITableViewCell+FlatUI.m in Sources */ = {isa = PBXBuildFile; fileRef = FA08540417829087000102A7 /* UITableViewCell+FlatUI.m */; };
		FA08544117829B6A000102A7 /* UIToolbar+FlatUI.m in Sources */ = {isa = PBXBuildFile; fileRef = FA08540617829087000102A7 /* UIToolbar+FlatUI.m */; };
		FA08544C17829DEB000102A7 /* Lato-Black.ttf in Resources */ = {isa = PBXBuildFile; fileRef = FA08544217829DEB000102A7 /* Lato-Black.ttf */; };
		FA08544D17829DEB000102A7 /* Lato-BlackItalic.ttf in Resources */ = {isa = PBXBuildFile; fileRef = FA08544317829DEB000102A7 /* Lato-BlackItalic.ttf */; };
		FA08544E17829DEB000102A7 /* Lato-Bold.ttf in Resources */ = {isa = PBXBuildFile; fileRef = FA08544417829DEB000102A7 /* Lato-Bold.ttf */; };
		FA08544F17829DEB000102A7 /* Lato-BoldItalic.ttf in Resources */ = {isa = PBXBuildFile; fileRef = FA08544517829DEB000102A7 /* Lato-BoldItalic.ttf */; };
		FA08545017829DEB000102A7 /* Lato-Hairline.ttf in Resources */ = {isa = PBXBuildFile; fileRef = FA08544617829DEB000102A7 /* Lato-Hairline.ttf */; };
		FA08545117829DEB000102A7 /* Lato-HairlineItalic.ttf in Resources */ = {isa = PBXBuildFile; fileRef = FA08544717829DEB000102A7 /* Lato-HairlineItalic.ttf */; };
		FA08545217829DEB000102A7 /* Lato-Italic.ttf in Resources */ = {isa = PBXBuildFile; fileRef = FA08544817829DEB000102A7 /* Lato-Italic.ttf */; };
		FA08545317829DEB000102A7 /* Lato-Light.ttf in Resources */ = {isa = PBXBuildFile; fileRef = FA08544917829DEB000102A7 /* Lato-Light.ttf */; };
		FA08545417829DEB000102A7 /* Lato-LightItalic.ttf in Resources */ = {isa = PBXBuildFile; fileRef = FA08544A17829DEB000102A7 /* Lato-LightItalic.ttf */; };
		FA08545517829DEB000102A7 /* Lato-Regular.ttf in Resources */ = {isa = PBXBuildFile; fileRef = FA08544B17829DEB000102A7 /* Lato-Regular.ttf */; };
		FA30B8F2176CD6CD00387D9B /* UIKit.framework in Frameworks */ = {isa = PBXBuildFile; fileRef = FA30B8F1176CD6CD00387D9B /* UIKit.framework */; };
		FA30B8F4176CD6CD00387D9B /* Foundation.framework in Frameworks */ = {isa = PBXBuildFile; fileRef = FA30B8F3176CD6CD00387D9B /* Foundation.framework */; };
		FA30B8F6176CD6CD00387D9B /* CoreGraphics.framework in Frameworks */ = {isa = PBXBuildFile; fileRef = FA30B8F5176CD6CD00387D9B /* CoreGraphics.framework */; };
		FA30B8FC176CD6CE00387D9B /* InfoPlist.strings in Resources */ = {isa = PBXBuildFile; fileRef = FA30B8FA176CD6CE00387D9B /* InfoPlist.strings */; };
		FA30B8FE176CD6CE00387D9B /* main.m in Sources */ = {isa = PBXBuildFile; fileRef = FA30B8FD176CD6CE00387D9B /* main.m */; };
		FA30B902176CD6CE00387D9B /* BTAppDelegate.m in Sources */ = {isa = PBXBuildFile; fileRef = FA30B901176CD6CE00387D9B /* BTAppDelegate.m */; };
		FA30B904176CD6CE00387D9B /* Default.png in Resources */ = {isa = PBXBuildFile; fileRef = FA30B903176CD6CE00387D9B /* Default.png */; };
		FA30B906176CD6CE00387D9B /* Default@2x.png in Resources */ = {isa = PBXBuildFile; fileRef = FA30B905176CD6CE00387D9B /* Default@2x.png */; };
		FA30B908176CD6CE00387D9B /* Default-568h@2x.png in Resources */ = {isa = PBXBuildFile; fileRef = FA30B907176CD6CE00387D9B /* Default-568h@2x.png */; };
		FA30B90B176CD6CE00387D9B /* BTMasterViewController.m in Sources */ = {isa = PBXBuildFile; fileRef = FA30B90A176CD6CE00387D9B /* BTMasterViewController.m */; };
		FA30B90E176CD6CE00387D9B /* BTDetailViewController.m in Sources */ = {isa = PBXBuildFile; fileRef = FA30B90D176CD6CE00387D9B /* BTDetailViewController.m */; };
		FA30B91C176CD6CE00387D9B /* SenTestingKit.framework in Frameworks */ = {isa = PBXBuildFile; fileRef = FA30B91B176CD6CE00387D9B /* SenTestingKit.framework */; };
		FA30B91D176CD6CE00387D9B /* UIKit.framework in Frameworks */ = {isa = PBXBuildFile; fileRef = FA30B8F1176CD6CD00387D9B /* UIKit.framework */; };
		FA30B91E176CD6CE00387D9B /* Foundation.framework in Frameworks */ = {isa = PBXBuildFile; fileRef = FA30B8F3176CD6CD00387D9B /* Foundation.framework */; };
		FA30B926176CD6CE00387D9B /* InfoPlist.strings in Resources */ = {isa = PBXBuildFile; fileRef = FA30B924176CD6CE00387D9B /* InfoPlist.strings */; };
		FA30B929176CD6CE00387D9B /* bostontrainTests.m in Sources */ = {isa = PBXBuildFile; fileRef = FA30B928176CD6CE00387D9B /* bostontrainTests.m */; };
		FA30B937176CDD5D00387D9B /* BTMasterViewController.xib in Resources */ = {isa = PBXBuildFile; fileRef = FA30B936176CDD5D00387D9B /* BTMasterViewController.xib */; };
		FA30B93A176CDD9C00387D9B /* BTDetailViewController.xib in Resources */ = {isa = PBXBuildFile; fileRef = FA30B939176CDD9C00387D9B /* BTDetailViewController.xib */; };
		FA30B93D176CDE4000387D9B /* BTViewController.m in Sources */ = {isa = PBXBuildFile; fileRef = FA30B93C176CDE4000387D9B /* BTViewController.m */; };
		FA30B942176CF09D00387D9B /* BTRequest.m in Sources */ = {isa = PBXBuildFile; fileRef = FA30B941176CF09D00387D9B /* BTRequest.m */; };
		FA30B947176CF40900387D9B /* BTNavigationController.m in Sources */ = {isa = PBXBuildFile; fileRef = FA30B946176CF40900387D9B /* BTNavigationController.m */; };
		FA30B94A176CFC3E00387D9B /* BTOverlay.m in Sources */ = {isa = PBXBuildFile; fileRef = FA30B949176CFC3E00387D9B /* BTOverlay.m */; };
		FA30B94D176D2B3100387D9B /* BTNavigationItem.m in Sources */ = {isa = PBXBuildFile; fileRef = FA30B94C176D2B3100387D9B /* BTNavigationItem.m */; };
		FA30B951176D593400387D9B /* BTHomeViewController.m in Sources */ = {isa = PBXBuildFile; fileRef = FA30B950176D593400387D9B /* BTHomeViewController.m */; };
		FA30B955176E5D7E00387D9B /* BTJSONParser.m in Sources */ = {isa = PBXBuildFile; fileRef = FA30B954176E5D7E00387D9B /* BTJSONParser.m */; };
		FA9304C2177424F300BAA7DF /* QuartzCore.framework in Frameworks */ = {isa = PBXBuildFile; fileRef = FA9304C1177424F300BAA7DF /* QuartzCore.framework */; };
		FA9304C417742D0500BAA7DF /* red_button.png in Resources */ = {isa = PBXBuildFile; fileRef = FA9304C317742D0500BAA7DF /* red_button.png */; };
		FA94791917741DA200C03454 /* BTView.m in Sources */ = {isa = PBXBuildFile; fileRef = FA94791817741DA200C03454 /* BTView.m */; };
		FAB86D191772C47600D22282 /* BTAlertsViewController.m in Sources */ = {isa = PBXBuildFile; fileRef = FAB86D181772C47600D22282 /* BTAlertsViewController.m */; };
		FACC8A01177FE5B20070739C /* blue_button.png in Resources */ = {isa = PBXBuildFile; fileRef = FACC89FE177FE5B20070739C /* blue_button.png */; };
		FACC8A02177FE5B20070739C /* green_button.png in Resources */ = {isa = PBXBuildFile; fileRef = FACC89FF177FE5B20070739C /* green_button.png */; };
		FACC8A03177FE5B20070739C /* orange_button.png in Resources */ = {isa = PBXBuildFile; fileRef = FACC8A00177FE5B20070739C /* orange_button.png */; };
/* End PBXBuildFile section */

/* Begin PBXContainerItemProxy section */
		FA30B91F176CD6CE00387D9B /* PBXContainerItemProxy */ = {
			isa = PBXContainerItemProxy;
			containerPortal = FA30B8E6176CD6CD00387D9B /* Project object */;
			proxyType = 1;
			remoteGlobalIDString = FA30B8ED176CD6CD00387D9B;
			remoteInfo = bostontrain;
		};
/* End PBXContainerItemProxy section */

/* Begin PBXFileReference section */
		FA0853E217829087000102A7 /* FlatUIKit.h */ = {isa = PBXFileReference; lastKnownFileType = sourcecode.c.h; name = FlatUIKit.h; path = Classes/UIFlatKit/Classes/ios/FlatUIKit.h; sourceTree = "<group>"; };
		FA0853E317829087000102A7 /* FUIAlertView.h */ = {isa = PBXFileReference; lastKnownFileType = sourcecode.c.h; name = FUIAlertView.h; path = Classes/UIFlatKit/Classes/ios/FUIAlertView.h; sourceTree = "<group>"; };
		FA0853E417829087000102A7 /* FUIAlertView.m */ = {isa = PBXFileReference; lastKnownFileType = sourcecode.c.objc; name = FUIAlertView.m; path = Classes/UIFlatKit/Classes/ios/FUIAlertView.m; sourceTree = "<group>"; };
		FA0853E517829087000102A7 /* FUIButton.h */ = {isa = PBXFileReference; lastKnownFileType = sourcecode.c.h; name = FUIButton.h; path = Classes/UIFlatKit/Classes/ios/FUIButton.h; sourceTree = "<group>"; };
		FA0853E617829087000102A7 /* FUIButton.m */ = {isa = PBXFileReference; lastKnownFileType = sourcecode.c.objc; name = FUIButton.m; path = Classes/UIFlatKit/Classes/ios/FUIButton.m; sourceTree = "<group>"; };
		FA0853E717829087000102A7 /* FUICellBackgroundView.h */ = {isa = PBXFileReference; lastKnownFileType = sourcecode.c.h; name = FUICellBackgroundView.h; path = Classes/UIFlatKit/Classes/ios/FUICellBackgroundView.h; sourceTree = "<group>"; };
		FA0853E817829087000102A7 /* FUICellBackgroundView.m */ = {isa = PBXFileReference; lastKnownFileType = sourcecode.c.objc; name = FUICellBackgroundView.m; path = Classes/UIFlatKit/Classes/ios/FUICellBackgroundView.m; sourceTree = "<group>"; };
		FA0853E917829087000102A7 /* FUIPopoverBackgroundView.h */ = {isa = PBXFileReference; lastKnownFileType = sourcecode.c.h; name = FUIPopoverBackgroundView.h; path = Classes/UIFlatKit/Classes/ios/FUIPopoverBackgroundView.h; sourceTree = "<group>"; };
		FA0853EA17829087000102A7 /* FUIPopoverBackgroundView.m */ = {isa = PBXFileReference; lastKnownFileType = sourcecode.c.objc; name = FUIPopoverBackgroundView.m; path = Classes/UIFlatKit/Classes/ios/FUIPopoverBackgroundView.m; sourceTree = "<group>"; };
		FA0853EB17829087000102A7 /* FUISegmentedControl.h */ = {isa = PBXFileReference; lastKnownFileType = sourcecode.c.h; name = FUISegmentedControl.h; path = Classes/UIFlatKit/Classes/ios/FUISegmentedControl.h; sourceTree = "<group>"; };
		FA0853EC17829087000102A7 /* FUISegmentedControl.m */ = {isa = PBXFileReference; lastKnownFileType = sourcecode.c.objc; name = FUISegmentedControl.m; path = Classes/UIFlatKit/Classes/ios/FUISegmentedControl.m; sourceTree = "<group>"; };
		FA0853ED17829087000102A7 /* FUISwitch.h */ = {isa = PBXFileReference; lastKnownFileType = sourcecode.c.h; name = FUISwitch.h; path = Classes/UIFlatKit/Classes/ios/FUISwitch.h; sourceTree = "<group>"; };
		FA0853EE17829087000102A7 /* FUISwitch.m */ = {isa = PBXFileReference; lastKnownFileType = sourcecode.c.objc; name = FUISwitch.m; path = Classes/UIFlatKit/Classes/ios/FUISwitch.m; sourceTree = "<group>"; };
		FA0853EF17829087000102A7 /* UIBarButtonItem+FlatUI.h */ = {isa = PBXFileReference; lastKnownFileType = sourcecode.c.h; name = "UIBarButtonItem+FlatUI.h"; path = "Classes/UIFlatKit/Classes/ios/UIBarButtonItem+FlatUI.h"; sourceTree = "<group>"; };
		FA0853F017829087000102A7 /* UIBarButtonItem+FlatUI.m */ = {isa = PBXFileReference; lastKnownFileType = sourcecode.c.objc; name = "UIBarButtonItem+FlatUI.m"; path = "Classes/UIFlatKit/Classes/ios/UIBarButtonItem+FlatUI.m"; sourceTree = "<group>"; };
		FA0853F117829087000102A7 /* UIColor+FlatUI.h */ = {isa = PBXFileReference; lastKnownFileType = sourcecode.c.h; name = "UIColor+FlatUI.h"; path = "Classes/UIFlatKit/Classes/ios/UIColor+FlatUI.h"; sourceTree = "<group>"; };
		FA0853F217829087000102A7 /* UIColor+FlatUI.m */ = {isa = PBXFileReference; lastKnownFileType = sourcecode.c.objc; name = "UIColor+FlatUI.m"; path = "Classes/UIFlatKit/Classes/ios/UIColor+FlatUI.m"; sourceTree = "<group>"; };
		FA0853F317829087000102A7 /* UIFont+FlatUI.h */ = {isa = PBXFileReference; lastKnownFileType = sourcecode.c.h; name = "UIFont+FlatUI.h"; path = "Classes/UIFlatKit/Classes/ios/UIFont+FlatUI.h"; sourceTree = "<group>"; };
		FA0853F417829087000102A7 /* UIFont+FlatUI.m */ = {isa = PBXFileReference; lastKnownFileType = sourcecode.c.objc; name = "UIFont+FlatUI.m"; path = "Classes/UIFlatKit/Classes/ios/UIFont+FlatUI.m"; sourceTree = "<group>"; };
		FA0853F517829087000102A7 /* UIImage+FlatUI.h */ = {isa = PBXFileReference; lastKnownFileType = sourcecode.c.h; name = "UIImage+FlatUI.h"; path = "Classes/UIFlatKit/Classes/ios/UIImage+FlatUI.h"; sourceTree = "<group>"; };
		FA0853F617829087000102A7 /* UIImage+FlatUI.m */ = {isa = PBXFileReference; lastKnownFileType = sourcecode.c.objc; name = "UIImage+FlatUI.m"; path = "Classes/UIFlatKit/Classes/ios/UIImage+FlatUI.m"; sourceTree = "<group>"; };
		FA0853F717829087000102A7 /* UINavigationBar+FlatUI.h */ = {isa = PBXFileReference; lastKnownFileType = sourcecode.c.h; name = "UINavigationBar+FlatUI.h"; path = "Classes/UIFlatKit/Classes/ios/UINavigationBar+FlatUI.h"; sourceTree = "<group>"; };
		FA0853F817829087000102A7 /* UINavigationBar+FlatUI.m */ = {isa = PBXFileReference; lastKnownFileType = sourcecode.c.objc; name = "UINavigationBar+FlatUI.m"; path = "Classes/UIFlatKit/Classes/ios/UINavigationBar+FlatUI.m"; sourceTree = "<group>"; };
		FA0853F917829087000102A7 /* UIPopoverController+FlatUI.h */ = {isa = PBXFileReference; lastKnownFileType = sourcecode.c.h; name = "UIPopoverController+FlatUI.h"; path = "Classes/UIFlatKit/Classes/ios/UIPopoverController+FlatUI.h"; sourceTree = "<group>"; };
		FA0853FA17829087000102A7 /* UIPopoverController+FlatUI.m */ = {isa = PBXFileReference; lastKnownFileType = sourcecode.c.objc; name = "UIPopoverController+FlatUI.m"; path = "Classes/UIFlatKit/Classes/ios/UIPopoverController+FlatUI.m"; sourceTree = "<group>"; };
		FA0853FB17829087000102A7 /* UIProgressView+FlatUI.h */ = {isa = PBXFileReference; lastKnownFileType = sourcecode.c.h; name = "UIProgressView+FlatUI.h"; path = "Classes/UIFlatKit/Classes/ios/UIProgressView+FlatUI.h"; sourceTree = "<group>"; };
		FA0853FC17829087000102A7 /* UIProgressView+FlatUI.m */ = {isa = PBXFileReference; lastKnownFileType = sourcecode.c.objc; name = "UIProgressView+FlatUI.m"; path = "Classes/UIFlatKit/Classes/ios/UIProgressView+FlatUI.m"; sourceTree = "<group>"; };
		FA0853FD17829087000102A7 /* UISlider+FlatUI.h */ = {isa = PBXFileReference; lastKnownFileType = sourcecode.c.h; name = "UISlider+FlatUI.h"; path = "Classes/UIFlatKit/Classes/ios/UISlider+FlatUI.h"; sourceTree = "<group>"; };
		FA0853FE17829087000102A7 /* UISlider+FlatUI.m */ = {isa = PBXFileReference; lastKnownFileType = sourcecode.c.objc; name = "UISlider+FlatUI.m"; path = "Classes/UIFlatKit/Classes/ios/UISlider+FlatUI.m"; sourceTree = "<group>"; };
		FA0853FF17829087000102A7 /* UIStepper+FlatUI.h */ = {isa = PBXFileReference; lastKnownFileType = sourcecode.c.h; name = "UIStepper+FlatUI.h"; path = "Classes/UIFlatKit/Classes/ios/UIStepper+FlatUI.h"; sourceTree = "<group>"; };
		FA08540017829087000102A7 /* UIStepper+FlatUI.m */ = {isa = PBXFileReference; lastKnownFileType = sourcecode.c.objc; name = "UIStepper+FlatUI.m"; path = "Classes/UIFlatKit/Classes/ios/UIStepper+FlatUI.m"; sourceTree = "<group>"; };
		FA08540117829087000102A7 /* UITabBar+FlatUI.h */ = {isa = PBXFileReference; lastKnownFileType = sourcecode.c.h; name = "UITabBar+FlatUI.h"; path = "Classes/UIFlatKit/Classes/ios/UITabBar+FlatUI.h"; sourceTree = "<group>"; };
		FA08540217829087000102A7 /* UITabBar+FlatUI.m */ = {isa = PBXFileReference; lastKnownFileType = sourcecode.c.objc; name = "UITabBar+FlatUI.m"; path = "Classes/UIFlatKit/Classes/ios/UITabBar+FlatUI.m"; sourceTree = "<group>"; };
		FA08540317829087000102A7 /* UITableViewCell+FlatUI.h */ = {isa = PBXFileReference; lastKnownFileType = sourcecode.c.h; name = "UITableViewCell+FlatUI.h"; path = "Classes/UIFlatKit/Classes/ios/UITableViewCell+FlatUI.h"; sourceTree = "<group>"; };
		FA08540417829087000102A7 /* UITableViewCell+FlatUI.m */ = {isa = PBXFileReference; lastKnownFileType = sourcecode.c.objc; name = "UITableViewCell+FlatUI.m"; path = "Classes/UIFlatKit/Classes/ios/UITableViewCell+FlatUI.m"; sourceTree = "<group>"; };
		FA08540517829087000102A7 /* UIToolbar+FlatUI.h */ = {isa = PBXFileReference; lastKnownFileType = sourcecode.c.h; name = "UIToolbar+FlatUI.h"; path = "Classes/UIFlatKit/Classes/ios/UIToolbar+FlatUI.h"; sourceTree = "<group>"; };
		FA08540617829087000102A7 /* UIToolbar+FlatUI.m */ = {isa = PBXFileReference; lastKnownFileType = sourcecode.c.objc; name = "UIToolbar+FlatUI.m"; path = "Classes/UIFlatKit/Classes/ios/UIToolbar+FlatUI.m"; sourceTree = "<group>"; };
		FA08542E17829A35000102A7 /* CoreText.framework */ = {isa = PBXFileReference; lastKnownFileType = wrapper.framework; name = CoreText.framework; path = System/Library/Frameworks/CoreText.framework; sourceTree = SDKROOT; };
		FA08544217829DEB000102A7 /* Lato-Black.ttf */ = {isa = PBXFileReference; lastKnownFileType = file; name = "Lato-Black.ttf"; path = "bostontrain/Classes/UIFlatKit/Resources/Lato-Black.ttf"; sourceTree = "<group>"; };
		FA08544317829DEB000102A7 /* Lato-BlackItalic.ttf */ = {isa = PBXFileReference; lastKnownFileType = file; name = "Lato-BlackItalic.ttf"; path = "bostontrain/Classes/UIFlatKit/Resources/Lato-BlackItalic.ttf"; sourceTree = "<group>"; };
		FA08544417829DEB000102A7 /* Lato-Bold.ttf */ = {isa = PBXFileReference; lastKnownFileType = file; name = "Lato-Bold.ttf"; path = "bostontrain/Classes/UIFlatKit/Resources/Lato-Bold.ttf"; sourceTree = "<group>"; };
		FA08544517829DEB000102A7 /* Lato-BoldItalic.ttf */ = {isa = PBXFileReference; lastKnownFileType = file; name = "Lato-BoldItalic.ttf"; path = "bostontrain/Classes/UIFlatKit/Resources/Lato-BoldItalic.ttf"; sourceTree = "<group>"; };
		FA08544617829DEB000102A7 /* Lato-Hairline.ttf */ = {isa = PBXFileReference; lastKnownFileType = file; name = "Lato-Hairline.ttf"; path = "bostontrain/Classes/UIFlatKit/Resources/Lato-Hairline.ttf"; sourceTree = "<group>"; };
		FA08544717829DEB000102A7 /* Lato-HairlineItalic.ttf */ = {isa = PBXFileReference; lastKnownFileType = file; name = "Lato-HairlineItalic.ttf"; path = "bostontrain/Classes/UIFlatKit/Resources/Lato-HairlineItalic.ttf"; sourceTree = "<group>"; };
		FA08544817829DEB000102A7 /* Lato-Italic.ttf */ = {isa = PBXFileReference; lastKnownFileType = file; name = "Lato-Italic.ttf"; path = "bostontrain/Classes/UIFlatKit/Resources/Lato-Italic.ttf"; sourceTree = "<group>"; };
		FA08544917829DEB000102A7 /* Lato-Light.ttf */ = {isa = PBXFileReference; lastKnownFileType = file; name = "Lato-Light.ttf"; path = "bostontrain/Classes/UIFlatKit/Resources/Lato-Light.ttf"; sourceTree = "<group>"; };
		FA08544A17829DEB000102A7 /* Lato-LightItalic.ttf */ = {isa = PBXFileReference; lastKnownFileType = file; name = "Lato-LightItalic.ttf"; path = "bostontrain/Classes/UIFlatKit/Resources/Lato-LightItalic.ttf"; sourceTree = "<group>"; };
		FA08544B17829DEB000102A7 /* Lato-Regular.ttf */ = {isa = PBXFileReference; lastKnownFileType = file; name = "Lato-Regular.ttf"; path = "bostontrain/Classes/UIFlatKit/Resources/Lato-Regular.ttf"; sourceTree = "<group>"; };
		FA30B8EE176CD6CD00387D9B /* bostontrain.app */ = {isa = PBXFileReference; explicitFileType = wrapper.application; includeInIndex = 0; path = bostontrain.app; sourceTree = BUILT_PRODUCTS_DIR; };
		FA30B8F1176CD6CD00387D9B /* UIKit.framework */ = {isa = PBXFileReference; lastKnownFileType = wrapper.framework; name = UIKit.framework; path = System/Library/Frameworks/UIKit.framework; sourceTree = SDKROOT; };
		FA30B8F3176CD6CD00387D9B /* Foundation.framework */ = {isa = PBXFileReference; lastKnownFileType = wrapper.framework; name = Foundation.framework; path = System/Library/Frameworks/Foundation.framework; sourceTree = SDKROOT; };
		FA30B8F5176CD6CD00387D9B /* CoreGraphics.framework */ = {isa = PBXFileReference; lastKnownFileType = wrapper.framework; name = CoreGraphics.framework; path = System/Library/Frameworks/CoreGraphics.framework; sourceTree = SDKROOT; };
		FA30B8F9176CD6CD00387D9B /* bostontrain-Info.plist */ = {isa = PBXFileReference; lastKnownFileType = text.plist.xml; path = "bostontrain-Info.plist"; sourceTree = "<group>"; };
		FA30B8FB176CD6CE00387D9B /* en */ = {isa = PBXFileReference; lastKnownFileType = text.plist.strings; name = en; path = en.lproj/InfoPlist.strings; sourceTree = "<group>"; };
		FA30B8FD176CD6CE00387D9B /* main.m */ = {isa = PBXFileReference; lastKnownFileType = sourcecode.c.objc; name = main.m; path = Classes/main.m; sourceTree = "<group>"; };
		FA30B8FF176CD6CE00387D9B /* bostontrain-Prefix.pch */ = {isa = PBXFileReference; lastKnownFileType = sourcecode.c.h; path = "bostontrain-Prefix.pch"; sourceTree = "<group>"; };
		FA30B900176CD6CE00387D9B /* BTAppDelegate.h */ = {isa = PBXFileReference; lastKnownFileType = sourcecode.c.h; name = BTAppDelegate.h; path = bostontrain/Classes/BTAppDelegate.h; sourceTree = SOURCE_ROOT; };
		FA30B901176CD6CE00387D9B /* BTAppDelegate.m */ = {isa = PBXFileReference; lastKnownFileType = sourcecode.c.objc; name = BTAppDelegate.m; path = Classes/BTAppDelegate.m; sourceTree = "<group>"; };
		FA30B903176CD6CE00387D9B /* Default.png */ = {isa = PBXFileReference; lastKnownFileType = image.png; path = Default.png; sourceTree = "<group>"; };
		FA30B905176CD6CE00387D9B /* Default@2x.png */ = {isa = PBXFileReference; lastKnownFileType = image.png; path = "Default@2x.png"; sourceTree = "<group>"; };
		FA30B907176CD6CE00387D9B /* Default-568h@2x.png */ = {isa = PBXFileReference; lastKnownFileType = image.png; path = "Default-568h@2x.png"; sourceTree = "<group>"; };
		FA30B909176CD6CE00387D9B /* BTMasterViewController.h */ = {isa = PBXFileReference; lastKnownFileType = sourcecode.c.h; name = BTMasterViewController.h; path = Classes/BTMasterViewController.h; sourceTree = "<group>"; };
		FA30B90A176CD6CE00387D9B /* BTMasterViewController.m */ = {isa = PBXFileReference; lastKnownFileType = sourcecode.c.objc; name = BTMasterViewController.m; path = Classes/BTMasterViewController.m; sourceTree = "<group>"; };
		FA30B90C176CD6CE00387D9B /* BTDetailViewController.h */ = {isa = PBXFileReference; lastKnownFileType = sourcecode.c.h; name = BTDetailViewController.h; path = Classes/BTDetailViewController.h; sourceTree = "<group>"; };
		FA30B90D176CD6CE00387D9B /* BTDetailViewController.m */ = {isa = PBXFileReference; lastKnownFileType = sourcecode.c.objc; name = BTDetailViewController.m; path = Classes/BTDetailViewController.m; sourceTree = "<group>"; };
		FA30B91A176CD6CE00387D9B /* bostontrainTests.octest */ = {isa = PBXFileReference; explicitFileType = wrapper.cfbundle; includeInIndex = 0; path = bostontrainTests.octest; sourceTree = BUILT_PRODUCTS_DIR; };
		FA30B91B176CD6CE00387D9B /* SenTestingKit.framework */ = {isa = PBXFileReference; lastKnownFileType = wrapper.framework; name = SenTestingKit.framework; path = Library/Frameworks/SenTestingKit.framework; sourceTree = DEVELOPER_DIR; };
		FA30B923176CD6CE00387D9B /* bostontrainTests-Info.plist */ = {isa = PBXFileReference; lastKnownFileType = text.plist.xml; path = "bostontrainTests-Info.plist"; sourceTree = "<group>"; };
		FA30B925176CD6CE00387D9B /* en */ = {isa = PBXFileReference; lastKnownFileType = text.plist.strings; name = en; path = en.lproj/InfoPlist.strings; sourceTree = "<group>"; };
		FA30B927176CD6CE00387D9B /* bostontrainTests.h */ = {isa = PBXFileReference; lastKnownFileType = sourcecode.c.h; path = bostontrainTests.h; sourceTree = "<group>"; };
		FA30B928176CD6CE00387D9B /* bostontrainTests.m */ = {isa = PBXFileReference; lastKnownFileType = sourcecode.c.objc; path = bostontrainTests.m; sourceTree = "<group>"; };
		FA30B936176CDD5D00387D9B /* BTMasterViewController.xib */ = {isa = PBXFileReference; fileEncoding = 4; lastKnownFileType = file.xib; name = BTMasterViewController.xib; path = Classes/BTMasterViewController.xib; sourceTree = "<group>"; };
		FA30B939176CDD9C00387D9B /* BTDetailViewController.xib */ = {isa = PBXFileReference; fileEncoding = 4; lastKnownFileType = file.xib; name = BTDetailViewController.xib; path = Classes/BTDetailViewController.xib; sourceTree = "<group>"; };
		FA30B93B176CDE4000387D9B /* BTViewController.h */ = {isa = PBXFileReference; fileEncoding = 4; lastKnownFileType = sourcecode.c.h; name = BTViewController.h; path = Classes/BTViewController.h; sourceTree = "<group>"; };
		FA30B93C176CDE4000387D9B /* BTViewController.m */ = {isa = PBXFileReference; fileEncoding = 4; lastKnownFileType = sourcecode.c.objc; name = BTViewController.m; path = Classes/BTViewController.m; sourceTree = "<group>"; };
		FA30B940176CF09D00387D9B /* BTRequest.h */ = {isa = PBXFileReference; fileEncoding = 4; lastKnownFileType = sourcecode.c.h; path = BTRequest.h; sourceTree = "<group>"; };
		FA30B941176CF09D00387D9B /* BTRequest.m */ = {isa = PBXFileReference; fileEncoding = 4; lastKnownFileType = sourcecode.c.objc; path = BTRequest.m; sourceTree = "<group>"; };
		FA30B945176CF40900387D9B /* BTNavigationController.h */ = {isa = PBXFileReference; fileEncoding = 4; lastKnownFileType = sourcecode.c.h; path = BTNavigationController.h; sourceTree = "<group>"; };
		FA30B946176CF40900387D9B /* BTNavigationController.m */ = {isa = PBXFileReference; fileEncoding = 4; lastKnownFileType = sourcecode.c.objc; path = BTNavigationController.m; sourceTree = "<group>"; };
		FA30B948176CFC3E00387D9B /* BTOverlay.h */ = {isa = PBXFileReference; fileEncoding = 4; lastKnownFileType = sourcecode.c.h; path = BTOverlay.h; sourceTree = "<group>"; };
		FA30B949176CFC3E00387D9B /* BTOverlay.m */ = {isa = PBXFileReference; fileEncoding = 4; lastKnownFileType = sourcecode.c.objc; path = BTOverlay.m; sourceTree = "<group>"; };
		FA30B94B176D2B3000387D9B /* BTNavigationItem.h */ = {isa = PBXFileReference; fileEncoding = 4; lastKnownFileType = sourcecode.c.h; path = BTNavigationItem.h; sourceTree = "<group>"; };
		FA30B94C176D2B3100387D9B /* BTNavigationItem.m */ = {isa = PBXFileReference; fileEncoding = 4; lastKnownFileType = sourcecode.c.objc; path = BTNavigationItem.m; sourceTree = "<group>"; };
		FA30B94F176D593400387D9B /* BTHomeViewController.h */ = {isa = PBXFileReference; fileEncoding = 4; lastKnownFileType = sourcecode.c.h; name = BTHomeViewController.h; path = Classes/BTHomeViewController.h; sourceTree = "<group>"; };
		FA30B950176D593400387D9B /* BTHomeViewController.m */ = {isa = PBXFileReference; fileEncoding = 4; lastKnownFileType = sourcecode.c.objc; name = BTHomeViewController.m; path = Classes/BTHomeViewController.m; sourceTree = "<group>"; };
		FA30B953176E5D7E00387D9B /* BTJSONParser.h */ = {isa = PBXFileReference; fileEncoding = 4; lastKnownFileType = sourcecode.c.h; path = BTJSONParser.h; sourceTree = "<group>"; };
		FA30B954176E5D7E00387D9B /* BTJSONParser.m */ = {isa = PBXFileReference; fileEncoding = 4; lastKnownFileType = sourcecode.c.objc; path = BTJSONParser.m; sourceTree = "<group>"; };
		FA9304C1177424F300BAA7DF /* QuartzCore.framework */ = {isa = PBXFileReference; lastKnownFileType = wrapper.framework; name = QuartzCore.framework; path = System/Library/Frameworks/QuartzCore.framework; sourceTree = SDKROOT; };
		FA9304C317742D0500BAA7DF /* red_button.png */ = {isa = PBXFileReference; lastKnownFileType = image.png; name = red_button.png; path = images/red_button.png; sourceTree = "<group>"; };
		FA94791717741DA100C03454 /* BTView.h */ = {isa = PBXFileReference; fileEncoding = 4; lastKnownFileType = sourcecode.c.h; name = BTView.h; path = Classes/BTView.h; sourceTree = "<group>"; };
		FA94791817741DA200C03454 /* BTView.m */ = {isa = PBXFileReference; fileEncoding = 4; lastKnownFileType = sourcecode.c.objc; name = BTView.m; path = Classes/BTView.m; sourceTree = "<group>"; };
		FAB86D171772C47600D22282 /* BTAlertsViewController.h */ = {isa = PBXFileReference; fileEncoding = 4; lastKnownFileType = sourcecode.c.h; name = BTAlertsViewController.h; path = Classes/BTAlertsViewController.h; sourceTree = "<group>"; };
		FAB86D181772C47600D22282 /* BTAlertsViewController.m */ = {isa = PBXFileReference; fileEncoding = 4; lastKnownFileType = sourcecode.c.objc; name = BTAlertsViewController.m; path = Classes/BTAlertsViewController.m; sourceTree = "<group>"; };
		FACC89FE177FE5B20070739C /* blue_button.png */ = {isa = PBXFileReference; lastKnownFileType = image.png; name = blue_button.png; path = images/blue_button.png; sourceTree = "<group>"; };
		FACC89FF177FE5B20070739C /* green_button.png */ = {isa = PBXFileReference; lastKnownFileType = image.png; name = green_button.png; path = images/green_button.png; sourceTree = "<group>"; };
		FACC8A00177FE5B20070739C /* orange_button.png */ = {isa = PBXFileReference; lastKnownFileType = image.png; name = orange_button.png; path = images/orange_button.png; sourceTree = "<group>"; };
/* End PBXFileReference section */

/* Begin PBXFrameworksBuildPhase section */
		FA30B8EB176CD6CD00387D9B /* Frameworks */ = {
			isa = PBXFrameworksBuildPhase;
			buildActionMask = 2147483647;
			files = (
				FA08542F17829A35000102A7 /* CoreText.framework in Frameworks */,
				FA9304C2177424F300BAA7DF /* QuartzCore.framework in Frameworks */,
				FA30B8F2176CD6CD00387D9B /* UIKit.framework in Frameworks */,
				FA30B8F4176CD6CD00387D9B /* Foundation.framework in Frameworks */,
				FA30B8F6176CD6CD00387D9B /* CoreGraphics.framework in Frameworks */,
			);
			runOnlyForDeploymentPostprocessing = 0;
		};
		FA30B916176CD6CE00387D9B /* Frameworks */ = {
			isa = PBXFrameworksBuildPhase;
			buildActionMask = 2147483647;
			files = (
				FA30B91C176CD6CE00387D9B /* SenTestingKit.framework in Frameworks */,
				FA30B91D176CD6CE00387D9B /* UIKit.framework in Frameworks */,
				FA30B91E176CD6CE00387D9B /* Foundation.framework in Frameworks */,
			);
			runOnlyForDeploymentPostprocessing = 0;
		};
/* End PBXFrameworksBuildPhase section */

/* Begin PBXGroup section */
		FA08542C17829093000102A7 /* FlatUIKit */ = {
			isa = PBXGroup;
			children = (
				FA0853E217829087000102A7 /* FlatUIKit.h */,
				FA0853E317829087000102A7 /* FUIAlertView.h */,
				FA0853E417829087000102A7 /* FUIAlertView.m */,
				FA0853E517829087000102A7 /* FUIButton.h */,
				FA0853E617829087000102A7 /* FUIButton.m */,
				FA0853E717829087000102A7 /* FUICellBackgroundView.h */,
				FA0853E817829087000102A7 /* FUICellBackgroundView.m */,
				FA0853E917829087000102A7 /* FUIPopoverBackgroundView.h */,
				FA0853EA17829087000102A7 /* FUIPopoverBackgroundView.m */,
				FA0853EB17829087000102A7 /* FUISegmentedControl.h */,
				FA0853EC17829087000102A7 /* FUISegmentedControl.m */,
				FA0853ED17829087000102A7 /* FUISwitch.h */,
				FA0853EE17829087000102A7 /* FUISwitch.m */,
				FA0853EF17829087000102A7 /* UIBarButtonItem+FlatUI.h */,
				FA0853F017829087000102A7 /* UIBarButtonItem+FlatUI.m */,
				FA0853F117829087000102A7 /* UIColor+FlatUI.h */,
				FA0853F217829087000102A7 /* UIColor+FlatUI.m */,
				FA0853F317829087000102A7 /* UIFont+FlatUI.h */,
				FA0853F417829087000102A7 /* UIFont+FlatUI.m */,
				FA0853F517829087000102A7 /* UIImage+FlatUI.h */,
				FA0853F617829087000102A7 /* UIImage+FlatUI.m */,
				FA0853F717829087000102A7 /* UINavigationBar+FlatUI.h */,
				FA0853F817829087000102A7 /* UINavigationBar+FlatUI.m */,
				FA0853F917829087000102A7 /* UIPopoverController+FlatUI.h */,
				FA0853FA17829087000102A7 /* UIPopoverController+FlatUI.m */,
				FA0853FB17829087000102A7 /* UIProgressView+FlatUI.h */,
				FA0853FC17829087000102A7 /* UIProgressView+FlatUI.m */,
				FA0853FD17829087000102A7 /* UISlider+FlatUI.h */,
				FA0853FE17829087000102A7 /* UISlider+FlatUI.m */,
				FA0853FF17829087000102A7 /* UIStepper+FlatUI.h */,
				FA08540017829087000102A7 /* UIStepper+FlatUI.m */,
				FA08540117829087000102A7 /* UITabBar+FlatUI.h */,
				FA08540217829087000102A7 /* UITabBar+FlatUI.m */,
				FA08540317829087000102A7 /* UITableViewCell+FlatUI.h */,
				FA08540417829087000102A7 /* UITableViewCell+FlatUI.m */,
				FA08540517829087000102A7 /* UIToolbar+FlatUI.h */,
				FA08540617829087000102A7 /* UIToolbar+FlatUI.m */,
			);
			name = FlatUIKit;
			sourceTree = "<group>";
		};
		FA30B8E5176CD6CD00387D9B = {
			isa = PBXGroup;
			children = (
				FA08544217829DEB000102A7 /* Lato-Black.ttf */,
				FA08544317829DEB000102A7 /* Lato-BlackItalic.ttf */,
				FA08544417829DEB000102A7 /* Lato-Bold.ttf */,
				FA08544517829DEB000102A7 /* Lato-BoldItalic.ttf */,
				FA08544617829DEB000102A7 /* Lato-Hairline.ttf */,
				FA08544717829DEB000102A7 /* Lato-HairlineItalic.ttf */,
				FA08544817829DEB000102A7 /* Lato-Italic.ttf */,
				FA08544917829DEB000102A7 /* Lato-Light.ttf */,
				FA08544A17829DEB000102A7 /* Lato-LightItalic.ttf */,
				FA08544B17829DEB000102A7 /* Lato-Regular.ttf */,
				FA9304C1177424F300BAA7DF /* QuartzCore.framework */,
				FA30B8F7176CD6CD00387D9B /* bostontrain */,
				FA30B921176CD6CE00387D9B /* bostontrainTests */,
				FA30B8F0176CD6CD00387D9B /* Frameworks */,
				FA30B8EF176CD6CD00387D9B /* Products */,
			);
			sourceTree = "<group>";
		};
		FA30B8EF176CD6CD00387D9B /* Products */ = {
			isa = PBXGroup;
			children = (
				FA30B8EE176CD6CD00387D9B /* bostontrain.app */,
				FA30B91A176CD6CE00387D9B /* bostontrainTests.octest */,
			);
			name = Products;
			sourceTree = "<group>";
		};
		FA30B8F0176CD6CD00387D9B /* Frameworks */ = {
			isa = PBXGroup;
			children = (
				FA08542E17829A35000102A7 /* CoreText.framework */,
				FA30B8F1176CD6CD00387D9B /* UIKit.framework */,
				FA30B8F3176CD6CD00387D9B /* Foundation.framework */,
				FA30B8F5176CD6CD00387D9B /* CoreGraphics.framework */,
				FA30B91B176CD6CE00387D9B /* SenTestingKit.framework */,
			);
			name = Frameworks;
			sourceTree = "<group>";
		};
		FA30B8F7176CD6CD00387D9B /* bostontrain */ = {
			isa = PBXGroup;
			children = (
				FADD9090178238D400BEC218 /* 3rd Party */,
				FA30B932176CDA2500387D9B /* Classes */,
				FA30B933176CDA8800387D9B /* Images */,
				FA30B8F8176CD6CD00387D9B /* Supporting Files */,
			);
			path = bostontrain;
			sourceTree = "<group>";
		};
		FA30B8F8176CD6CD00387D9B /* Supporting Files */ = {
			isa = PBXGroup;
			children = (
				FA30B8F9176CD6CD00387D9B /* bostontrain-Info.plist */,
				FA30B8FA176CD6CE00387D9B /* InfoPlist.strings */,
				FA30B8FD176CD6CE00387D9B /* main.m */,
				FA30B8FF176CD6CE00387D9B /* bostontrain-Prefix.pch */,
				FA30B903176CD6CE00387D9B /* Default.png */,
				FA30B905176CD6CE00387D9B /* Default@2x.png */,
				FA30B907176CD6CE00387D9B /* Default-568h@2x.png */,
			);
			name = "Supporting Files";
			sourceTree = "<group>";
		};
		FA30B921176CD6CE00387D9B /* bostontrainTests */ = {
			isa = PBXGroup;
			children = (
				FA30B927176CD6CE00387D9B /* bostontrainTests.h */,
				FA30B928176CD6CE00387D9B /* bostontrainTests.m */,
				FA30B922176CD6CE00387D9B /* Supporting Files */,
			);
			path = bostontrainTests;
			sourceTree = "<group>";
		};
		FA30B922176CD6CE00387D9B /* Supporting Files */ = {
			isa = PBXGroup;
			children = (
				FA30B923176CD6CE00387D9B /* bostontrainTests-Info.plist */,
				FA30B924176CD6CE00387D9B /* InfoPlist.strings */,
			);
			name = "Supporting Files";
			sourceTree = "<group>";
		};
		FA30B932176CDA2500387D9B /* Classes */ = {
			isa = PBXGroup;
			children = (
				FA30B93E176CF04600387D9B /* App Delegate */,
				FA30B935176CDBAE00387D9B /* Views */,
				FA30B93F176CF05500387D9B /* Helpers */,
			);
			name = Classes;
			path = bostontrain/Classes;
			sourceTree = SOURCE_ROOT;
		};
		FA30B933176CDA8800387D9B /* Images */ = {
			isa = PBXGroup;
			children = (
				FACC89FE177FE5B20070739C /* blue_button.png */,
				FACC89FF177FE5B20070739C /* green_button.png */,
				FACC8A00177FE5B20070739C /* orange_button.png */,
				FA9304C317742D0500BAA7DF /* red_button.png */,
			);
			name = Images;
			sourceTree = "<group>";
		};
		FA30B935176CDBAE00387D9B /* Views */ = {
			isa = PBXGroup;
			children = (
				FA30B94E176D58ED00387D9B /* Home */,
				FA30B909176CD6CE00387D9B /* BTMasterViewController.h */,
				FA30B90A176CD6CE00387D9B /* BTMasterViewController.m */,
				FA30B90C176CD6CE00387D9B /* BTDetailViewController.h */,
				FA30B90D176CD6CE00387D9B /* BTDetailViewController.m */,
				FA30B936176CDD5D00387D9B /* BTMasterViewController.xib */,
				FA30B939176CDD9C00387D9B /* BTDetailViewController.xib */,
				FA30B93B176CDE4000387D9B /* BTViewController.h */,
				FA30B93C176CDE4000387D9B /* BTViewController.m */,
				FA94791717741DA100C03454 /* BTView.h */,
				FA94791817741DA200C03454 /* BTView.m */,
			);
			name = Views;
			path = ..;
			sourceTree = "<group>";
		};
		FA30B93E176CF04600387D9B /* App Delegate */ = {
			isa = PBXGroup;
			children = (
				FA30B900176CD6CE00387D9B /* BTAppDelegate.h */,
				FA30B901176CD6CE00387D9B /* BTAppDelegate.m */,
			);
			name = "App Delegate";
			path = ..;
			sourceTree = "<group>";
		};
		FA30B93F176CF05500387D9B /* Helpers */ = {
			isa = PBXGroup;
			children = (
				FA30B952176E5D0500387D9B /* JSON Parser */,
				FA30B944176CF3AD00387D9B /* Navigation */,
				FA30B943176CF39D00387D9B /* Web API */,
			);
			name = Helpers;
			sourceTree = "<group>";
		};
		FA30B943176CF39D00387D9B /* Web API */ = {
			isa = PBXGroup;
			children = (
				FA30B940176CF09D00387D9B /* BTRequest.h */,
				FA30B941176CF09D00387D9B /* BTRequest.m */,
			);
			name = "Web API";
			sourceTree = "<group>";
		};
		FA30B944176CF3AD00387D9B /* Navigation */ = {
			isa = PBXGroup;
			children = (
				FA30B945176CF40900387D9B /* BTNavigationController.h */,
				FA30B946176CF40900387D9B /* BTNavigationController.m */,
				FA30B948176CFC3E00387D9B /* BTOverlay.h */,
				FA30B94B176D2B3000387D9B /* BTNavigationItem.h */,
				FA30B94C176D2B3100387D9B /* BTNavigationItem.m */,
				FA30B949176CFC3E00387D9B /* BTOverlay.m */,
			);
			name = Navigation;
			sourceTree = "<group>";
		};
		FA30B94E176D58ED00387D9B /* Home */ = {
			isa = PBXGroup;
			children = (
				FA30B94F176D593400387D9B /* BTHomeViewController.h */,
				FA30B950176D593400387D9B /* BTHomeViewController.m */,
				FAB86D171772C47600D22282 /* BTAlertsViewController.h */,
				FAB86D181772C47600D22282 /* BTAlertsViewController.m */,
			);
			name = Home;
			sourceTree = "<group>";
		};
		FA30B952176E5D0500387D9B /* JSON Parser */ = {
			isa = PBXGroup;
			children = (
				FA30B953176E5D7E00387D9B /* BTJSONParser.h */,
				FA30B954176E5D7E00387D9B /* BTJSONParser.m */,
			);
			name = "JSON Parser";
			sourceTree = "<group>";
		};
		FADD9090178238D400BEC218 /* 3rd Party */ = {
			isa = PBXGroup;
			children = (
				FA08542C17829093000102A7 /* FlatUIKit */,
			);
			name = "3rd Party";
			sourceTree = "<group>";
		};
/* End PBXGroup section */

/* Begin PBXNativeTarget section */
		FA30B8ED176CD6CD00387D9B /* bostontrain */ = {
			isa = PBXNativeTarget;
			buildConfigurationList = FA30B92C176CD6CE00387D9B /* Build configuration list for PBXNativeTarget "bostontrain" */;
			buildPhases = (
				FA30B8EA176CD6CD00387D9B /* Sources */,
				FA30B8EB176CD6CD00387D9B /* Frameworks */,
				FA30B8EC176CD6CD00387D9B /* Resources */,
			);
			buildRules = (
			);
			dependencies = (
			);
			name = bostontrain;
			productName = bostontrain;
			productReference = FA30B8EE176CD6CD00387D9B /* bostontrain.app */;
			productType = "com.apple.product-type.application";
		};
		FA30B919176CD6CE00387D9B /* bostontrainTests */ = {
			isa = PBXNativeTarget;
			buildConfigurationList = FA30B92F176CD6CE00387D9B /* Build configuration list for PBXNativeTarget "bostontrainTests" */;
			buildPhases = (
				FA30B915176CD6CE00387D9B /* Sources */,
				FA30B916176CD6CE00387D9B /* Frameworks */,
				FA30B917176CD6CE00387D9B /* Resources */,
				FA30B918176CD6CE00387D9B /* ShellScript */,
			);
			buildRules = (
			);
			dependencies = (
				FA30B920176CD6CE00387D9B /* PBXTargetDependency */,
			);
			name = bostontrainTests;
			productName = bostontrainTests;
			productReference = FA30B91A176CD6CE00387D9B /* bostontrainTests.octest */;
			productType = "com.apple.product-type.bundle";
		};
/* End PBXNativeTarget section */

/* Begin PBXProject section */
		FA30B8E6176CD6CD00387D9B /* Project object */ = {
			isa = PBXProject;
			attributes = {
				CLASSPREFIX = BT;
				LastUpgradeCheck = 0460;
				ORGANIZATIONNAME = "Alex Liu";
			};
			buildConfigurationList = FA30B8E9176CD6CD00387D9B /* Build configuration list for PBXProject "bostontrain" */;
			compatibilityVersion = "Xcode 3.2";
			developmentRegion = English;
			hasScannedForEncodings = 0;
			knownRegions = (
				en,
			);
			mainGroup = FA30B8E5176CD6CD00387D9B;
			productRefGroup = FA30B8EF176CD6CD00387D9B /* Products */;
			projectDirPath = "";
			projectRoot = "";
			targets = (
				FA30B8ED176CD6CD00387D9B /* bostontrain */,
				FA30B919176CD6CE00387D9B /* bostontrainTests */,
			);
		};
/* End PBXProject section */

/* Begin PBXResourcesBuildPhase section */
		FA30B8EC176CD6CD00387D9B /* Resources */ = {
			isa = PBXResourcesBuildPhase;
			buildActionMask = 2147483647;
			files = (
				FA08544C17829DEB000102A7 /* Lato-Black.ttf in Resources */,
				FA08544D17829DEB000102A7 /* Lato-BlackItalic.ttf in Resources */,
				FA08544E17829DEB000102A7 /* Lato-Bold.ttf in Resources */,
				FA08544F17829DEB000102A7 /* Lato-BoldItalic.ttf in Resources */,
				FA08545017829DEB000102A7 /* Lato-Hairline.ttf in Resources */,
				FA08545117829DEB000102A7 /* Lato-HairlineItalic.ttf in Resources */,
				FA08545217829DEB000102A7 /* Lato-Italic.ttf in Resources */,
				FA08545317829DEB000102A7 /* Lato-Light.ttf in Resources */,
				FA08545417829DEB000102A7 /* Lato-LightItalic.ttf in Resources */,
				FA08545517829DEB000102A7 /* Lato-Regular.ttf in Resources */,
				FACC8A01177FE5B20070739C /* blue_button.png in Resources */,
				FACC8A02177FE5B20070739C /* green_button.png in Resources */,
				FACC8A03177FE5B20070739C /* orange_button.png in Resources */,
				FA30B8FC176CD6CE00387D9B /* InfoPlist.strings in Resources */,
				FA9304C417742D0500BAA7DF /* red_button.png in Resources */,
				FA30B904176CD6CE00387D9B /* Default.png in Resources */,
				FA30B906176CD6CE00387D9B /* Default@2x.png in Resources */,
				FA30B908176CD6CE00387D9B /* Default-568h@2x.png in Resources */,
				FA30B937176CDD5D00387D9B /* BTMasterViewController.xib in Resources */,
				FA30B93A176CDD9C00387D9B /* BTDetailViewController.xib in Resources */,
			);
			runOnlyForDeploymentPostprocessing = 0;
		};
		FA30B917176CD6CE00387D9B /* Resources */ = {
			isa = PBXResourcesBuildPhase;
			buildActionMask = 2147483647;
			files = (
				FA30B926176CD6CE00387D9B /* InfoPlist.strings in Resources */,
			);
			runOnlyForDeploymentPostprocessing = 0;
		};
/* End PBXResourcesBuildPhase section */

/* Begin PBXShellScriptBuildPhase section */
		FA30B918176CD6CE00387D9B /* ShellScript */ = {
			isa = PBXShellScriptBuildPhase;
			buildActionMask = 2147483647;
			files = (
			);
			inputPaths = (
			);
			outputPaths = (
			);
			runOnlyForDeploymentPostprocessing = 0;
			shellPath = /bin/sh;
			shellScript = "# Run the unit tests in this test bundle.\n\"${SYSTEM_DEVELOPER_DIR}/Tools/RunUnitTests\"\n";
		};
/* End PBXShellScriptBuildPhase section */

/* Begin PBXSourcesBuildPhase section */
		FA30B8EA176CD6CD00387D9B /* Sources */ = {
			isa = PBXSourcesBuildPhase;
			buildActionMask = 2147483647;
			files = (
				FA30B8FE176CD6CE00387D9B /* main.m in Sources */,
				FA30B902176CD6CE00387D9B /* BTAppDelegate.m in Sources */,
				FA30B90B176CD6CE00387D9B /* BTMasterViewController.m in Sources */,
				FA30B90E176CD6CE00387D9B /* BTDetailViewController.m in Sources */,
				FA30B93D176CDE4000387D9B /* BTViewController.m in Sources */,
				FA30B942176CF09D00387D9B /* BTRequest.m in Sources */,
				FA30B947176CF40900387D9B /* BTNavigationController.m in Sources */,
				FA30B94A176CFC3E00387D9B /* BTOverlay.m in Sources */,
				FA30B94D176D2B3100387D9B /* BTNavigationItem.m in Sources */,
				FA30B951176D593400387D9B /* BTHomeViewController.m in Sources */,
				FA30B955176E5D7E00387D9B /* BTJSONParser.m in Sources */,
				FAB86D191772C47600D22282 /* BTAlertsViewController.m in Sources */,
				FA94791917741DA200C03454 /* BTView.m in Sources */,
				FA08543017829B4D000102A7 /* FUIAlertView.m in Sources */,
				FA08543217829B53000102A7 /* FUIButton.m in Sources */,
				FA08543117829B51000102A7 /* FUICellBackgroundView.m in Sources */,
				FA08543317829B6A000102A7 /* FUIPopoverBackgroundView.m in Sources */,
				FA08543417829B6A000102A7 /* FUISegmentedControl.m in Sources */,
				FA08543517829B6A000102A7 /* FUISwitch.m in Sources */,
				FA08543617829B6A000102A7 /* UIBarButtonItem+FlatUI.m in Sources */,
				FA08543717829B6A000102A7 /* UIColor+FlatUI.m in Sources */,
				FA08543817829B6A000102A7 /* UIFont+FlatUI.m in Sources */,
				FA08543917829B6A000102A7 /* UIImage+FlatUI.m in Sources */,
				FA08543A17829B6A000102A7 /* UINavigationBar+FlatUI.m in Sources */,
				FA08543B17829B6A000102A7 /* UIPopoverController+FlatUI.m in Sources */,
				FA08543C17829B6A000102A7 /* UIProgressView+FlatUI.m in Sources */,
				FA08543D17829B6A000102A7 /* UISlider+FlatUI.m in Sources */,
				FA08543E17829B6A000102A7 /* UIStepper+FlatUI.m in Sources */,
				FA08543F17829B6A000102A7 /* UITabBar+FlatUI.m in Sources */,
				FA08544017829B6A000102A7 /* UITableViewCell+FlatUI.m in Sources */,
				FA08544117829B6A000102A7 /* UIToolbar+FlatUI.m in Sources */,
			);
			runOnlyForDeploymentPostprocessing = 0;
		};
		FA30B915176CD6CE00387D9B /* Sources */ = {
			isa = PBXSourcesBuildPhase;
			buildActionMask = 2147483647;
			files = (
				FA30B929176CD6CE00387D9B /* bostontrainTests.m in Sources */,
			);
			runOnlyForDeploymentPostprocessing = 0;
		};
/* End PBXSourcesBuildPhase section */

/* Begin PBXTargetDependency section */
		FA30B920176CD6CE00387D9B /* PBXTargetDependency */ = {
			isa = PBXTargetDependency;
			target = FA30B8ED176CD6CD00387D9B /* bostontrain */;
			targetProxy = FA30B91F176CD6CE00387D9B /* PBXContainerItemProxy */;
		};
/* End PBXTargetDependency section */

/* Begin PBXVariantGroup section */
		FA30B8FA176CD6CE00387D9B /* InfoPlist.strings */ = {
			isa = PBXVariantGroup;
			children = (
				FA30B8FB176CD6CE00387D9B /* en */,
			);
			name = InfoPlist.strings;
			sourceTree = "<group>";
		};
		FA30B924176CD6CE00387D9B /* InfoPlist.strings */ = {
			isa = PBXVariantGroup;
			children = (
				FA30B925176CD6CE00387D9B /* en */,
			);
			name = InfoPlist.strings;
			sourceTree = "<group>";
		};
/* End PBXVariantGroup section */

/* Begin XCBuildConfiguration section */
		FA30B92A176CD6CE00387D9B /* Debug */ = {
			isa = XCBuildConfiguration;
			buildSettings = {
				ALWAYS_SEARCH_USER_PATHS = NO;
				CLANG_CXX_LANGUAGE_STANDARD = "gnu++0x";
				CLANG_CXX_LIBRARY = "libc++";
				CLANG_ENABLE_OBJC_ARC = YES;
				CLANG_WARN_CONSTANT_CONVERSION = YES;
				CLANG_WARN_EMPTY_BODY = YES;
				CLANG_WARN_ENUM_CONVERSION = YES;
				CLANG_WARN_INT_CONVERSION = YES;
				CLANG_WARN__DUPLICATE_METHOD_MATCH = YES;
				"CODE_SIGN_IDENTITY[sdk=iphoneos*]" = "iPhone Developer";
				COPY_PHASE_STRIP = NO;
				GCC_C_LANGUAGE_STANDARD = gnu99;
				GCC_DYNAMIC_NO_PIC = NO;
				GCC_OPTIMIZATION_LEVEL = 0;
				GCC_PREPROCESSOR_DEFINITIONS = (
					"DEBUG=1",
					"$(inherited)",
				);
				GCC_SYMBOLS_PRIVATE_EXTERN = NO;
				GCC_WARN_ABOUT_RETURN_TYPE = YES;
				GCC_WARN_UNINITIALIZED_AUTOS = YES;
				GCC_WARN_UNUSED_VARIABLE = YES;
				IPHONEOS_DEPLOYMENT_TARGET = 6.1;
				ONLY_ACTIVE_ARCH = YES;
				SDKROOT = iphoneos;
			};
			name = Debug;
		};
		FA30B92B176CD6CE00387D9B /* Release */ = {
			isa = XCBuildConfiguration;
			buildSettings = {
				ALWAYS_SEARCH_USER_PATHS = NO;
				CLANG_CXX_LANGUAGE_STANDARD = "gnu++0x";
				CLANG_CXX_LIBRARY = "libc++";
				CLANG_ENABLE_OBJC_ARC = YES;
				CLANG_WARN_CONSTANT_CONVERSION = YES;
				CLANG_WARN_EMPTY_BODY = YES;
				CLANG_WARN_ENUM_CONVERSION = YES;
				CLANG_WARN_INT_CONVERSION = YES;
				CLANG_WARN__DUPLICATE_METHOD_MATCH = YES;
				"CODE_SIGN_IDENTITY[sdk=iphoneos*]" = "iPhone Developer";
				COPY_PHASE_STRIP = YES;
				GCC_C_LANGUAGE_STANDARD = gnu99;
				GCC_WARN_ABOUT_RETURN_TYPE = YES;
				GCC_WARN_UNINITIALIZED_AUTOS = YES;
				GCC_WARN_UNUSED_VARIABLE = YES;
				IPHONEOS_DEPLOYMENT_TARGET = 6.1;
				OTHER_CFLAGS = "-DNS_BLOCK_ASSERTIONS=1";
				SDKROOT = iphoneos;
				VALIDATE_PRODUCT = YES;
			};
			name = Release;
		};
		FA30B92D176CD6CE00387D9B /* Debug */ = {
			isa = XCBuildConfiguration;
			buildSettings = {
				GCC_PRECOMPILE_PREFIX_HEADER = YES;
				GCC_PREFIX_HEADER = "bostontrain/bostontrain-Prefix.pch";
				INFOPLIST_FILE = "bostontrain/bostontrain-Info.plist";
				PRODUCT_NAME = "$(TARGET_NAME)";
				WRAPPER_EXTENSION = app;
			};
			name = Debug;
		};
		FA30B92E176CD6CE00387D9B /* Release */ = {
			isa = XCBuildConfiguration;
			buildSettings = {
				GCC_PRECOMPILE_PREFIX_HEADER = YES;
				GCC_PREFIX_HEADER = "bostontrain/bostontrain-Prefix.pch";
				INFOPLIST_FILE = "bostontrain/bostontrain-Info.plist";
				PRODUCT_NAME = "$(TARGET_NAME)";
				WRAPPER_EXTENSION = app;
			};
			name = Release;
		};
		FA30B930176CD6CE00387D9B /* Debug */ = {
			isa = XCBuildConfiguration;
			buildSettings = {
				BUNDLE_LOADER = "$(BUILT_PRODUCTS_DIR)/bostontrain.app/bostontrain";
				FRAMEWORK_SEARCH_PATHS = (
					"\"$(SDKROOT)/Developer/Library/Frameworks\"",
					"\"$(DEVELOPER_LIBRARY_DIR)/Frameworks\"",
				);
				GCC_PRECOMPILE_PREFIX_HEADER = YES;
				GCC_PREFIX_HEADER = "bostontrain/bostontrain-Prefix.pch";
				INFOPLIST_FILE = "bostontrainTests/bostontrainTests-Info.plist";
				PRODUCT_NAME = "$(TARGET_NAME)";
				TEST_HOST = "$(BUNDLE_LOADER)";
				WRAPPER_EXTENSION = octest;
			};
			name = Debug;
		};
		FA30B931176CD6CE00387D9B /* Release */ = {
			isa = XCBuildConfiguration;
			buildSettings = {
				BUNDLE_LOADER = "$(BUILT_PRODUCTS_DIR)/bostontrain.app/bostontrain";
				FRAMEWORK_SEARCH_PATHS = (
					"\"$(SDKROOT)/Developer/Library/Frameworks\"",
					"\"$(DEVELOPER_LIBRARY_DIR)/Frameworks\"",
				);
				GCC_PRECOMPILE_PREFIX_HEADER = YES;
				GCC_PREFIX_HEADER = "bostontrain/bostontrain-Prefix.pch";
				INFOPLIST_FILE = "bostontrainTests/bostontrainTests-Info.plist";
				PRODUCT_NAME = "$(TARGET_NAME)";
				TEST_HOST = "$(BUNDLE_LOADER)";
				WRAPPER_EXTENSION = octest;
			};
			name = Release;
		};
/* End XCBuildConfiguration section */

/* Begin XCConfigurationList section */
		FA30B8E9176CD6CD00387D9B /* Build configuration list for PBXProject "bostontrain" */ = {
			isa = XCConfigurationList;
			buildConfigurations = (
				FA30B92A176CD6CE00387D9B /* Debug */,
				FA30B92B176CD6CE00387D9B /* Release */,
			);
			defaultConfigurationIsVisible = 0;
			defaultConfigurationName = Release;
		};
		FA30B92C176CD6CE00387D9B /* Build configuration list for PBXNativeTarget "bostontrain" */ = {
			isa = XCConfigurationList;
			buildConfigurations = (
				FA30B92D176CD6CE00387D9B /* Debug */,
				FA30B92E176CD6CE00387D9B /* Release */,
			);
			defaultConfigurationIsVisible = 0;
			defaultConfigurationName = Release;
		};
		FA30B92F176CD6CE00387D9B /* Build configuration list for PBXNativeTarget "bostontrainTests" */ = {
			isa = XCConfigurationList;
			buildConfigurations = (
				FA30B930176CD6CE00387D9B /* Debug */,
				FA30B931176CD6CE00387D9B /* Release */,
			);
			defaultConfigurationIsVisible = 0;
			defaultConfigurationName = Release;
		};
/* End XCConfigurationList section */
	};
	rootObject = FA30B8E6176CD6CD00387D9B /* Project object */;
}
